
Microsoft Visual Studio Solution File, Format Version 12.00
# Visual Studio 15
VisualStudioVersion = 15.0.27428.2043
MinimumVisualStudioVersion = 10.0.40219.1
Project("{E24C65DC-7377-472B-9ABA-BC803B73C61A}") = "Portfolio", "Portfolio\", "{04D114DC-0D8A-4E03-B880-C87028BC5BAB}"
	ProjectSection(WebsiteProperties) = preProject
		TargetFrameworkMoniker = ".NETFramework,Version%3Dv4.6.1"
		Debug.AspNetCompiler.VirtualPath = "/localhost_57921"
		Debug.AspNetCompiler.PhysicalPath = "Portfolio\"
		Debug.AspNetCompiler.TargetPath = "PrecompiledWeb\localhost_57921\"
		Debug.AspNetCompiler.Updateable = "true"
		Debug.AspNetCompiler.ForceOverwrite = "true"
		Debug.AspNetCompiler.FixedNames = "false"
		Debug.AspNetCompiler.Debug = "True"
		Release.AspNetCompiler.VirtualPath = "/localhost_57921"
		Release.AspNetCompiler.PhysicalPath = "Portfolio\"
		Release.AspNetCompiler.TargetPath = "PrecompiledWeb\localhost_57921\"
		Release.AspNetCompiler.Updateable = "true"
		Release.AspNetCompiler.ForceOverwrite = "true"
		Release.AspNetCompiler.FixedNames = "false"
		Release.AspNetCompiler.Debug = "False"
		VWDPort = "57921"
		SlnRelativePath = "Portfolio\"
		DefaultWebSiteLanguage = "Visual C#"
	EndProjectSection
EndProject
Global
	GlobalSection(SolutionConfigurationPlatforms) = preSolution
		Debug|Any CPU = Debug|Any CPU
	EndGlobalSection
	GlobalSection(ProjectConfigurationPlatforms) = postSolution
		{04D114DC-0D8A-4E03-B880-C87028BC5BAB}.Debug|Any CPU.ActiveCfg = Debug|Any CPU
		{04D114DC-0D8A-4E03-B880-C87028BC5BAB}.Debug|Any CPU.Build.0 = Debug|Any CPU
	EndGlobalSection
	GlobalSection(SolutionProperties) = preSolution
		HideSolutionNode = FALSE
	EndGlobalSection
	GlobalSection(ExtensibilityGlobals) = postSolution
		SolutionGuid = {3B4CD68D-9181-4CD5-A64B-FA391BC91025}
	EndGlobalSection
EndGlobal
